<?xml version="1.0" encoding="utf-8"?>
<Project ToolsVersion="15.0" xmlns="http://schemas.microsoft.com/developer/msbuild/2003">
  <ItemGroup>
    <Filter Include="Common">
      <UniqueIdentifier>3866bd01-9c5c-4c51-a924-a153197a2791</UniqueIdentifier>
    </Filter>
    <Filter Include="Assets">
      <UniqueIdentifier>33486aca-4387-4dda-84a5-c3f4293f74e7</UniqueIdentifier>
      <Extensions>bmp;fbx;gif;jpg;jpeg;tga;tiff;tif;png</Extensions>
    </Filter>
  </ItemGroup>
  <ItemGroup>
    <ApplicationDefinition Include="App.xaml" />
  </ItemGroup>
  <ItemGroup>
    <ClCompile Include="pch.cpp" />
  </ItemGroup>
  <ItemGroup>
    <ClInclude Include="pch.h" />
  </ItemGroup>
  <ItemGroup>
    <Image Include="Assets\LockScreenLogo.scale-200.png">
      <Filter>Assets</Filter>
    </Image>
    <Image Include="Assets\SplashScreen.scale-200.png">
      <Filter>Assets</Filter>
    </Image>
    <Image Include="Assets\Square150x150Logo.scale-200.png">
      <Filter>Assets</Filter>
    </Image>
    <Image Include="Assets\Square44x44Logo.scale-200.png">
      <Filter>Assets</Filter>
    </Image>
    <Image Include="Assets\Square44x44Logo.targetsize-24_altform-unplated.png">
      <Filter>Assets</Filter>
    </Image>
    <Image Include="Assets\StoreLogo.png">
      <Filter>Assets</Filter>
    </Image>
    <Image Include="Assets\Wide310x150Logo.scale-200.png">
      <Filter>Assets</Filter>
    </Image>
    <Image Include="Assets\face.png">
      <Filter>Assets</Filter>
    </Image>
    <Image Include="Assets\face2.png">
      <Filter>Assets</Filter>
    </Image>
    <Image Include="Assets\tile.gif">
      <Filter>Assets</Filter>
    </Image>
    <Image Include="Assets\tile.jpg">
      <Filter>Assets</Filter>
    </Image>
    <Image Include="Assets\tile.bmp">
      <Filter>Assets</Filter>
    </Image>
    <Image Include="Assets\tile2.bmp">
      <Filter>Assets</Filter>
    </Image>
    <Image Include="Assets\tile3.bmp">
      <Filter>Assets</Filter>
    </Image>
    <Image Include="Assets\tile4.bmp">
      <Filter>Assets</Filter>
    </Image>
    <Image Include="Assets\tile5.bmp">
      <Filter>Assets</Filter>
    </Image>
  </ItemGroup>
  <ItemGroup>
    <AppxManifest Include="Package.appxmanifest" />
  </ItemGroup>
  <ItemGroup>
    <Page Include="MainPage.xaml" />
  </ItemGroup>
</Project>